
Microsoft Visual Studio Solution File, Format Version 12.00
# Visual Studio 15
Project("{FAE04EC0-301F-11D3-BF4B-00C04F79EFBC}") = "Assembly-CSharp", "Assembly-CSharp.csproj", "{CED6FE5F-7ADF-6257-92DD-50AD84D167A0}"
EndProject
Project("{FAE04EC0-301F-11D3-BF4B-00C04F79EFBC}") = "Assembly-CSharp-Editor", "Assembly-CSharp-Editor.csproj", "{865EF9BC-FA44-9018-41FC-244BB5EDD47F}"
EndProject
Global
	GlobalSection(SolutionConfigurationPlatforms) = preSolution
		Debug|Any CPU = Debug|Any CPU
		Release|Any CPU = Release|Any CPU
	EndGlobalSection
	GlobalSection(ProjectConfigurationPlatforms) = postSolution
		{CED6FE5F-7ADF-6257-92DD-50AD84D167A0}.Debug|Any CPU.ActiveCfg = Debug|Any CPU
		{CED6FE5F-7ADF-6257-92DD-50AD84D167A0}.Debug|Any CPU.Build.0 = Debug|Any CPU
		{CED6FE5F-7ADF-6257-92DD-50AD84D167A0}.Release|Any CPU.ActiveCfg = Release|Any CPU
		{CED6FE5F-7ADF-6257-92DD-50AD84D167A0}.Release|Any CPU.Build.0 = Release|Any CPU
		{865EF9BC-FA44-9018-41FC-244BB5EDD47F}.Debug|Any CPU.ActiveCfg = Debug|Any CPU
		{865EF9BC-FA44-9018-41FC-244BB5EDD47F}.Debug|Any CPU.Build.0 = Debug|Any CPU
		{865EF9BC-FA44-9018-41FC-244BB5EDD47F}.Release|Any CPU.ActiveCfg = Release|Any CPU
		{865EF9BC-FA44-9018-41FC-244BB5EDD47F}.Release|Any CPU.Build.0 = Release|Any CPU
	EndGlobalSection
	GlobalSection(SolutionProperties) = preSolution
		HideSolutionNode = FALSE
	EndGlobalSection
EndGlobal
